
Microsoft Visual Studio Solution File, Format Version 12.00
# Visual Studio Version 17
VisualStudioVersion = 17.11.35303.130
MinimumVisualStudioVersion = 10.0.40219.1
Project("{2150E333-8FDC-42A3-9474-1A3956D46DE8}") = "Task0", "Task0", "{674FB650-82AA-4529-B4B5-190C9DACB2A8}"
EndProject
Project("{9A19103F-16F7-4668-BE54-9A1E7A4F7556}") = "Tyuiu.BushljaJV.Sprint0.Task0.V0", "Tyuiu.BushljaJV.Sprint0.Task0.V0\Tyuiu.BushljaJV.Sprint0.Task0.V0.csproj", "{E853B677-B582-49BC-BF7C-BBE01C4AB5E0}"
EndProject
Project("{2150E333-8FDC-42A3-9474-1A3956D46DE8}") = "Task1", "Task1", "{4D0B11C1-8EAC-4C11-99F1-5DA16AE5AF62}"
EndProject
Project("{9A19103F-16F7-4668-BE54-9A1E7A4F7556}") = "Tyuiu.BushljaJV.Sprint0.Task1.V0", "Tyuiu.BushljaJV.Sprint0.Task1.V0\Tyuiu.BushljaJV.Sprint0.Task1.V0.csproj", "{ED57C0BB-E75F-44FD-A633-7EB1965F1CCB}"
EndProject
Project("{2150E333-8FDC-42A3-9474-1A3956D46DE8}") = "Task2", "Task2", "{33DED368-BCCE-4B26-8F2D-233EE9316585}"
EndProject
Project("{9A19103F-16F7-4668-BE54-9A1E7A4F7556}") = "Tyuiu.BushljaJV.Sprint0.Task2.V0", "Tyuiu.BushljaJV.Sprint0.Task2.V0\Tyuiu.BushljaJV.Sprint0.Task2.V0.csproj", "{7B571634-5FB0-4AF2-A837-60D8744BF1D7}"
EndProject
Project("{9A19103F-16F7-4668-BE54-9A1E7A4F7556}") = "Tyuiu.BushljaJV.Sprint0.Task2.V0.Lib", "Tyuiu.BushljaJV.Sprint0.Task2.V0.Lib\Tyuiu.BushljaJV.Sprint0.Task2.V0.Lib.csproj", "{C5AA0A6A-2CBA-466C-9F28-E37BC8056DB2}"
EndProject
Project("{9A19103F-16F7-4668-BE54-9A1E7A4F7556}") = "Tyuiu.BushljaJV.Sprint0.Task2.V0.Test", "Tyuiu.BushljaJV.Sprint0.Task2.V0.Test\Tyuiu.BushljaJV.Sprint0.Task2.V0.Test.csproj", "{CD52CD22-0DDF-4E64-9826-8DE9C36AC0B0}"
EndProject
Project("{2150E333-8FDC-42A3-9474-1A3956D46DE8}") = "Task3", "Task3", "{A7D2CF63-0DA3-4370-8511-5DCF7C4EA2BC}"
EndProject
Project("{9A19103F-16F7-4668-BE54-9A1E7A4F7556}") = "Tyuiu.BushljaJV.Sprint0.Task3.V0", "Tyuiu.BushljaJV.Sprint0.Task3.V0\Tyuiu.BushljaJV.Sprint0.Task3.V0.csproj", "{CBE590B2-C3D0-46FD-ACFA-D0607B48FCC6}"
EndProject
Project("{9A19103F-16F7-4668-BE54-9A1E7A4F7556}") = "Tyuiu.BushljaJV.Sprint0.Task3.V0.Lib", "Tyuiu.BushljaJV.Sprint0.Task3.V0.Lib\Tyuiu.BushljaJV.Sprint0.Task3.V0.Lib.csproj", "{87134AAF-0FD3-412E-BB93-231F150B173B}"
EndProject
Project("{9A19103F-16F7-4668-BE54-9A1E7A4F7556}") = "Tyuiu.BushljaJV.Sprint0.Task3.V0.Text", "Tyuiu.BushljaJV.Sprint0.Task3.V0.Text\Tyuiu.BushljaJV.Sprint0.Task3.V0.Text.csproj", "{F5B55625-F35F-4CB4-87B7-1C56C7A641A0}"
EndProject
Project("{2150E333-8FDC-42A3-9474-1A3956D46DE8}") = "Task4", "Task4", "{D8116404-5CD9-4627-A701-76271D4C3874}"
EndProject
Project("{9A19103F-16F7-4668-BE54-9A1E7A4F7556}") = "Tyuiu.BushljaJV.Sprint0.Task4.V0.Lib", "Tyuiu.BushljaJV.Sprint0.Task4.V0.Lib\Tyuiu.BushljaJV.Sprint0.Task4.V0.Lib.csproj", "{91A3FD1A-84A9-4E67-82FE-706D6D250121}"
EndProject
Project("{9A19103F-16F7-4668-BE54-9A1E7A4F7556}") = "Tyuiu.BushljaJV.Sprint0.Task4.V0.Test", "Tyuiu.BushljaJV.Sprint0.Task4.V0.Test\Tyuiu.BushljaJV.Sprint0.Task4.V0.Test.csproj", "{83B0B7B0-ADB5-4A4B-8017-6F5EEB102173}"
EndProject
Project("{FAE04EC0-301F-11D3-BF4B-00C04F79EFBC}") = "Tyuiu.BushljaJV.Sprint0.Task4.V0", "Tyuiu.BushljaJV.Sprint0.Task4.V0\Tyuiu.BushljaJV.Sprint0.Task4.V0.csproj", "{9B1321AE-87E9-4536-97D6-29BB58E02D95}"
EndProject
Global
	GlobalSection(SolutionConfigurationPlatforms) = preSolution
		Debug|Any CPU = Debug|Any CPU
		Release|Any CPU = Release|Any CPU
	EndGlobalSection
	GlobalSection(ProjectConfigurationPlatforms) = postSolution
		{E853B677-B582-49BC-BF7C-BBE01C4AB5E0}.Debug|Any CPU.ActiveCfg = Debug|Any CPU
		{E853B677-B582-49BC-BF7C-BBE01C4AB5E0}.Debug|Any CPU.Build.0 = Debug|Any CPU
		{E853B677-B582-49BC-BF7C-BBE01C4AB5E0}.Release|Any CPU.ActiveCfg = Release|Any CPU
		{E853B677-B582-49BC-BF7C-BBE01C4AB5E0}.Release|Any CPU.Build.0 = Release|Any CPU
		{ED57C0BB-E75F-44FD-A633-7EB1965F1CCB}.Debug|Any CPU.ActiveCfg = Debug|Any CPU
		{ED57C0BB-E75F-44FD-A633-7EB1965F1CCB}.Debug|Any CPU.Build.0 = Debug|Any CPU
		{ED57C0BB-E75F-44FD-A633-7EB1965F1CCB}.Release|Any CPU.ActiveCfg = Release|Any CPU
		{ED57C0BB-E75F-44FD-A633-7EB1965F1CCB}.Release|Any CPU.Build.0 = Release|Any CPU
		{7B571634-5FB0-4AF2-A837-60D8744BF1D7}.Debug|Any CPU.ActiveCfg = Debug|Any CPU
		{7B571634-5FB0-4AF2-A837-60D8744BF1D7}.Debug|Any CPU.Build.0 = Debug|Any CPU
		{7B571634-5FB0-4AF2-A837-60D8744BF1D7}.Release|Any CPU.ActiveCfg = Release|Any CPU
		{7B571634-5FB0-4AF2-A837-60D8744BF1D7}.Release|Any CPU.Build.0 = Release|Any CPU
		{C5AA0A6A-2CBA-466C-9F28-E37BC8056DB2}.Debug|Any CPU.ActiveCfg = Debug|Any CPU
		{C5AA0A6A-2CBA-466C-9F28-E37BC8056DB2}.Debug|Any CPU.Build.0 = Debug|Any CPU
		{C5AA0A6A-2CBA-466C-9F28-E37BC8056DB2}.Release|Any CPU.ActiveCfg = Release|Any CPU
		{C5AA0A6A-2CBA-466C-9F28-E37BC8056DB2}.Release|Any CPU.Build.0 = Release|Any CPU
		{CD52CD22-0DDF-4E64-9826-8DE9C36AC0B0}.Debug|Any CPU.ActiveCfg = Debug|Any CPU
		{CD52CD22-0DDF-4E64-9826-8DE9C36AC0B0}.Debug|Any CPU.Build.0 = Debug|Any CPU
		{CD52CD22-0DDF-4E64-9826-8DE9C36AC0B0}.Release|Any CPU.ActiveCfg = Release|Any CPU
		{CD52CD22-0DDF-4E64-9826-8DE9C36AC0B0}.Release|Any CPU.Build.0 = Release|Any CPU
		{CBE590B2-C3D0-46FD-ACFA-D0607B48FCC6}.Debug|Any CPU.ActiveCfg = Debug|Any CPU
		{CBE590B2-C3D0-46FD-ACFA-D0607B48FCC6}.Debug|Any CPU.Build.0 = Debug|Any CPU
		{CBE590B2-C3D0-46FD-ACFA-D0607B48FCC6}.Release|Any CPU.ActiveCfg = Release|Any CPU
		{CBE590B2-C3D0-46FD-ACFA-D0607B48FCC6}.Release|Any CPU.Build.0 = Release|Any CPU
		{87134AAF-0FD3-412E-BB93-231F150B173B}.Debug|Any CPU.ActiveCfg = Debug|Any CPU
		{87134AAF-0FD3-412E-BB93-231F150B173B}.Debug|Any CPU.Build.0 = Debug|Any CPU
		{87134AAF-0FD3-412E-BB93-231F150B173B}.Release|Any CPU.ActiveCfg = Release|Any CPU
		{87134AAF-0FD3-412E-BB93-231F150B173B}.Release|Any CPU.Build.0 = Release|Any CPU
		{F5B55625-F35F-4CB4-87B7-1C56C7A641A0}.Debug|Any CPU.ActiveCfg = Debug|Any CPU
		{F5B55625-F35F-4CB4-87B7-1C56C7A641A0}.Debug|Any CPU.Build.0 = Debug|Any CPU
		{F5B55625-F35F-4CB4-87B7-1C56C7A641A0}.Release|Any CPU.ActiveCfg = Release|Any CPU
		{F5B55625-F35F-4CB4-87B7-1C56C7A641A0}.Release|Any CPU.Build.0 = Release|Any CPU
		{91A3FD1A-84A9-4E67-82FE-706D6D250121}.Debug|Any CPU.ActiveCfg = Debug|Any CPU
		{91A3FD1A-84A9-4E67-82FE-706D6D250121}.Debug|Any CPU.Build.0 = Debug|Any CPU
		{91A3FD1A-84A9-4E67-82FE-706D6D250121}.Release|Any CPU.ActiveCfg = Release|Any CPU
		{91A3FD1A-84A9-4E67-82FE-706D6D250121}.Release|Any CPU.Build.0 = Release|Any CPU
		{83B0B7B0-ADB5-4A4B-8017-6F5EEB102173}.Debug|Any CPU.ActiveCfg = Debug|Any CPU
		{83B0B7B0-ADB5-4A4B-8017-6F5EEB102173}.Debug|Any CPU.Build.0 = Debug|Any CPU
		{83B0B7B0-ADB5-4A4B-8017-6F5EEB102173}.Release|Any CPU.ActiveCfg = Release|Any CPU
		{83B0B7B0-ADB5-4A4B-8017-6F5EEB102173}.Release|Any CPU.Build.0 = Release|Any CPU
		{9B1321AE-87E9-4536-97D6-29BB58E02D95}.Debug|Any CPU.ActiveCfg = Debug|Any CPU
		{9B1321AE-87E9-4536-97D6-29BB58E02D95}.Debug|Any CPU.Build.0 = Debug|Any CPU
		{9B1321AE-87E9-4536-97D6-29BB58E02D95}.Release|Any CPU.ActiveCfg = Release|Any CPU
		{9B1321AE-87E9-4536-97D6-29BB58E02D95}.Release|Any CPU.Build.0 = Release|Any CPU
	EndGlobalSection
	GlobalSection(SolutionProperties) = preSolution
		HideSolutionNode = FALSE
	EndGlobalSection
	GlobalSection(NestedProjects) = preSolution
		{E853B677-B582-49BC-BF7C-BBE01C4AB5E0} = {674FB650-82AA-4529-B4B5-190C9DACB2A8}
		{ED57C0BB-E75F-44FD-A633-7EB1965F1CCB} = {4D0B11C1-8EAC-4C11-99F1-5DA16AE5AF62}
		{7B571634-5FB0-4AF2-A837-60D8744BF1D7} = {33DED368-BCCE-4B26-8F2D-233EE9316585}
		{C5AA0A6A-2CBA-466C-9F28-E37BC8056DB2} = {33DED368-BCCE-4B26-8F2D-233EE9316585}
		{CD52CD22-0DDF-4E64-9826-8DE9C36AC0B0} = {33DED368-BCCE-4B26-8F2D-233EE9316585}
		{CBE590B2-C3D0-46FD-ACFA-D0607B48FCC6} = {A7D2CF63-0DA3-4370-8511-5DCF7C4EA2BC}
		{87134AAF-0FD3-412E-BB93-231F150B173B} = {A7D2CF63-0DA3-4370-8511-5DCF7C4EA2BC}
		{F5B55625-F35F-4CB4-87B7-1C56C7A641A0} = {A7D2CF63-0DA3-4370-8511-5DCF7C4EA2BC}
		{91A3FD1A-84A9-4E67-82FE-706D6D250121} = {D8116404-5CD9-4627-A701-76271D4C3874}
		{83B0B7B0-ADB5-4A4B-8017-6F5EEB102173} = {D8116404-5CD9-4627-A701-76271D4C3874}
		{9B1321AE-87E9-4536-97D6-29BB58E02D95} = {D8116404-5CD9-4627-A701-76271D4C3874}
	EndGlobalSection
	GlobalSection(ExtensibilityGlobals) = postSolution
		SolutionGuid = {9C1E0EB3-6E24-4872-BFEB-CD218A4F13E4}
	EndGlobalSection
EndGlobal
